
Microsoft Visual Studio Solution File, Format Version 12.00
# Visual Studio Version 17
VisualStudioVersion = 17.1.32210.238
MinimumVisualStudioVersion = 10.0.40219.1
Project("{FAE04EC0-301F-11D3-BF4B-00C04F79EFBC}") = "fibanocci Number", "fibanocci Number\fibanocci Number.csproj", "{86917637-F654-4A71-A4F8-0957488A17A0}"
EndProject
Global
	GlobalSection(SolutionConfigurationPlatforms) = preSolution
		Debug|Any CPU = Debug|Any CPU
		Release|Any CPU = Release|Any CPU
	EndGlobalSection
	GlobalSection(ProjectConfigurationPlatforms) = postSolution
		{86917637-F654-4A71-A4F8-0957488A17A0}.Debug|Any CPU.ActiveCfg = Debug|Any CPU
		{86917637-F654-4A71-A4F8-0957488A17A0}.Debug|Any CPU.Build.0 = Debug|Any CPU
		{86917637-F654-4A71-A4F8-0957488A17A0}.Release|Any CPU.ActiveCfg = Release|Any CPU
		{86917637-F654-4A71-A4F8-0957488A17A0}.Release|Any CPU.Build.0 = Release|Any CPU
	EndGlobalSection
	GlobalSection(SolutionProperties) = preSolution
		HideSolutionNode = FALSE
	EndGlobalSection
	GlobalSection(ExtensibilityGlobals) = postSolution
		SolutionGuid = {4C4A94A3-31FD-4EF8-A791-1CAB6364C405}
	EndGlobalSection
EndGlobal
