
Microsoft Visual Studio Solution File, Format Version 12.00
# Visual Studio Version 17
VisualStudioVersion = 17.1.32210.238
MinimumVisualStudioVersion = 10.0.40219.1
Project("{FAE04EC0-301F-11D3-BF4B-00C04F79EFBC}") = "tempconversion", "tempconversion\tempconversion.csproj", "{8542BD00-417E-493D-BBAF-BBAA4DEE62B2}"
EndProject
Global
	GlobalSection(SolutionConfigurationPlatforms) = preSolution
		Debug|Any CPU = Debug|Any CPU
		Release|Any CPU = Release|Any CPU
	EndGlobalSection
	GlobalSection(ProjectConfigurationPlatforms) = postSolution
		{8542BD00-417E-493D-BBAF-BBAA4DEE62B2}.Debug|Any CPU.ActiveCfg = Debug|Any CPU
		{8542BD00-417E-493D-BBAF-BBAA4DEE62B2}.Debug|Any CPU.Build.0 = Debug|Any CPU
		{8542BD00-417E-493D-BBAF-BBAA4DEE62B2}.Release|Any CPU.ActiveCfg = Release|Any CPU
		{8542BD00-417E-493D-BBAF-BBAA4DEE62B2}.Release|Any CPU.Build.0 = Release|Any CPU
	EndGlobalSection
	GlobalSection(SolutionProperties) = preSolution
		HideSolutionNode = FALSE
	EndGlobalSection
	GlobalSection(ExtensibilityGlobals) = postSolution
		SolutionGuid = {5A0D1DBD-4545-4E0F-99F1-ACA6EE097BEE}
	EndGlobalSection
EndGlobal
