
Microsoft Visual Studio Solution File, Format Version 12.00
# Visual Studio Version 17
VisualStudioVersion = 17.1.32210.238
MinimumVisualStudioVersion = 10.0.40219.1
Project("{FAE04EC0-301F-11D3-BF4B-00C04F79EFBC}") = "reverse number", "reverse number\reverse number.csproj", "{D8EB62FD-56B6-4B4B-BEC1-D632696DB660}"
EndProject
Global
	GlobalSection(SolutionConfigurationPlatforms) = preSolution
		Debug|Any CPU = Debug|Any CPU
		Release|Any CPU = Release|Any CPU
	EndGlobalSection
	GlobalSection(ProjectConfigurationPlatforms) = postSolution
		{D8EB62FD-56B6-4B4B-BEC1-D632696DB660}.Debug|Any CPU.ActiveCfg = Debug|Any CPU
		{D8EB62FD-56B6-4B4B-BEC1-D632696DB660}.Debug|Any CPU.Build.0 = Debug|Any CPU
		{D8EB62FD-56B6-4B4B-BEC1-D632696DB660}.Release|Any CPU.ActiveCfg = Release|Any CPU
		{D8EB62FD-56B6-4B4B-BEC1-D632696DB660}.Release|Any CPU.Build.0 = Release|Any CPU
	EndGlobalSection
	GlobalSection(SolutionProperties) = preSolution
		HideSolutionNode = FALSE
	EndGlobalSection
	GlobalSection(ExtensibilityGlobals) = postSolution
		SolutionGuid = {4F44201F-4133-41A0-8B4E-09B7B067092E}
	EndGlobalSection
EndGlobal
